// !$*UTF8*$!
{
	archiveVersion = 1;
	classes = {
	};
	objectVersion = 55;
	objects = {

/* Begin PBXBuildFile section */
		B4E1A1752759E57500D311B7 /* AppDelegate.m in Sources */ = {isa = PBXBuildFile; fileRef = B4E1A1742759E57500D311B7 /* AppDelegate.m */; };
		B4E1A1782759E57500D311B7 /* SceneDelegate.m in Sources */ = {isa = PBXBuildFile; fileRef = B4E1A1772759E57500D311B7 /* SceneDelegate.m */; };
		B4E1A17B2759E57500D311B7 /* ViewController.m in Sources */ = {isa = PBXBuildFile; fileRef = B4E1A17A2759E57500D311B7 /* ViewController.m */; };
		B4E1A17E2759E57500D311B7 /* Main.storyboard in Resources */ = {isa = PBXBuildFile; fileRef = B4E1A17C2759E57500D311B7 /* Main.storyboard */; };
		B4E1A1802759E57700D311B7 /* Assets.xcassets in Resources */ = {isa = PBXBuildFile; fileRef = B4E1A17F2759E57700D311B7 /* Assets.xcassets */; };
		B4E1A1832759E57700D311B7 /* LaunchScreen.storyboard in Resources */ = {isa = PBXBuildFile; fileRef = B4E1A1812759E57700D311B7 /* LaunchScreen.storyboard */; };
		B4E1A1862759E57700D311B7 /* main.m in Sources */ = {isa = PBXBuildFile; fileRef = B4E1A1852759E57700D311B7 /* main.m */; };
		B4E1A1902759E57700D311B7 /* EA_CategoryTests.m in Sources */ = {isa = PBXBuildFile; fileRef = B4E1A18F2759E57700D311B7 /* EA_CategoryTests.m */; };
		B4E1A19A2759E57700D311B7 /* EA_CategoryUITests.m in Sources */ = {isa = PBXBuildFile; fileRef = B4E1A1992759E57700D311B7 /* EA_CategoryUITests.m */; };
		B4E1A19C2759E57700D311B7 /* EA_CategoryUITestsLaunchTests.m in Sources */ = {isa = PBXBuildFile; fileRef = B4E1A19B2759E57700D311B7 /* EA_CategoryUITestsLaunchTests.m */; };
/* End PBXBuildFile section */

/* Begin PBXContainerItemProxy section */
		B4E1A18C2759E57700D311B7 /* PBXContainerItemProxy */ = {
			isa = PBXContainerItemProxy;
			containerPortal = B4E1A1682759E57500D311B7 /* Project object */;
			proxyType = 1;
			remoteGlobalIDString = B4E1A16F2759E57500D311B7;
			remoteInfo = EA_Category;
		};
		B4E1A1962759E57700D311B7 /* PBXContainerItemProxy */ = {
			isa = PBXContainerItemProxy;
			containerPortal = B4E1A1682759E57500D311B7 /* Project object */;
			proxyType = 1;
			remoteGlobalIDString = B4E1A16F2759E57500D311B7;
			remoteInfo = EA_Category;
		};
/* End PBXContainerItemProxy section */

/* Begin PBXFileReference section */
		B4E1A1702759E57500D311B7 /* EA_Category.app */ = {isa = PBXFileReference; explicitFileType = wrapper.application; includeInIndex = 0; path = EA_Category.app; sourceTree = BUILT_PRODUCTS_DIR; };
		B4E1A1732759E57500D311B7 /* AppDelegate.h */ = {isa = PBXFileReference; lastKnownFileType = sourcecode.c.h; path = AppDelegate.h; sourceTree = "<group>"; };
		B4E1A1742759E57500D311B7 /* AppDelegate.m */ = {isa = PBXFileReference; lastKnownFileType = sourcecode.c.objc; path = AppDelegate.m; sourceTree = "<group>"; };
		B4E1A1762759E57500D311B7 /* SceneDelegate.h */ = {isa = PBXFileReference; lastKnownFileType = sourcecode.c.h; path = SceneDelegate.h; sourceTree = "<group>"; };
		B4E1A1772759E57500D311B7 /* SceneDelegate.m */ = {isa = PBXFileReference; lastKnownFileType = sourcecode.c.objc; path = SceneDelegate.m; sourceTree = "<group>"; };
		B4E1A1792759E57500D311B7 /* ViewController.h */ = {isa = PBXFileReference; lastKnownFileType = sourcecode.c.h; path = ViewController.h; sourceTree = "<group>"; };
		B4E1A17A2759E57500D311B7 /* ViewController.m */ = {isa = PBXFileReference; lastKnownFileType = sourcecode.c.objc; path = ViewController.m; sourceTree = "<group>"; };
		B4E1A17D2759E57500D311B7 /* Base */ = {isa = PBXFileReference; lastKnownFileType = file.storyboard; name = Base; path = Base.lproj/Main.storyboard; sourceTree = "<group>"; };
		B4E1A17F2759E57700D311B7 /* Assets.xcassets */ = {isa = PBXFileReference; lastKnownFileType = folder.assetcatalog; path = Assets.xcassets; sourceTree = "<group>"; };
		B4E1A1822759E57700D311B7 /* Base */ = {isa = PBXFileReference; lastKnownFileType = file.storyboard; name = Base; path = Base.lproj/LaunchScreen.storyboard; sourceTree = "<group>"; };
		B4E1A1842759E57700D311B7 /* Info.plist */ = {isa = PBXFileReference; lastKnownFileType = text.plist.xml; path = Info.plist; sourceTree = "<group>"; };
		B4E1A1852759E57700D311B7 /* main.m */ = {isa = PBXFileReference; lastKnownFileType = sourcecode.c.objc; path = main.m; sourceTree = "<group>"; };
		B4E1A18B2759E57700D311B7 /* EA_CategoryTests.xctest */ = {isa = PBXFileReference; explicitFileType = wrapper.cfbundle; includeInIndex = 0; path = EA_CategoryTests.xctest; sourceTree = BUILT_PRODUCTS_DIR; };
		B4E1A18F2759E57700D311B7 /* EA_CategoryTests.m */ = {isa = PBXFileReference; lastKnownFileType = sourcecode.c.objc; path = EA_CategoryTests.m; sourceTree = "<group>"; };
		B4E1A1952759E57700D311B7 /* EA_CategoryUITests.xctest */ = {isa = PBXFileReference; explicitFileType = wrapper.cfbundle; includeInIndex = 0; path = EA_CategoryUITests.xctest; sourceTree = BUILT_PRODUCTS_DIR; };
		B4E1A1992759E57700D311B7 /* EA_CategoryUITests.m */ = {isa = PBXFileReference; lastKnownFileType = sourcecode.c.objc; path = EA_CategoryUITests.m; sourceTree = "<group>"; };
		B4E1A19B2759E57700D311B7 /* EA_CategoryUITestsLaunchTests.m */ = {isa = PBXFileReference; lastKnownFileType = sourcecode.c.objc; path = EA_CategoryUITestsLaunchTests.m; sourceTree = "<group>"; };
/* End PBXFileReference section */

/* Begin PBXFrameworksBuildPhase section */
		B4E1A16D2759E57500D311B7 /* Frameworks */ = {
			isa = PBXFrameworksBuildPhase;
			buildActionMask = 2147483647;
			files = (
			);
			runOnlyForDeploymentPostprocessing = 0;
		};
		B4E1A1882759E57700D311B7 /* Frameworks */ = {
			isa = PBXFrameworksBuildPhase;
			buildActionMask = 2147483647;
			files = (
			);
			runOnlyForDeploymentPostprocessing = 0;
		};
		B4E1A1922759E57700D311B7 /* Frameworks */ = {
			isa = PBXFrameworksBuildPhase;
			buildActionMask = 2147483647;
			files = (
			);
			runOnlyForDeploymentPostprocessing = 0;
		};
/* End PBXFrameworksBuildPhase section */

/* Begin PBXGroup section */
		B4E1A1672759E57500D311B7 = {
			isa = PBXGroup;
			children = (
				B4E1A1722759E57500D311B7 /* EA_Category */,
				B4E1A18E2759E57700D311B7 /* EA_CategoryTests */,
				B4E1A1982759E57700D311B7 /* EA_CategoryUITests */,
				B4E1A1712759E57500D311B7 /* Products */,
			);
			sourceTree = "<group>";
		};
		B4E1A1712759E57500D311B7 /* Products */ = {
			isa = PBXGroup;
			children = (
				B4E1A1702759E57500D311B7 /* EA_Category.app */,
				B4E1A18B2759E57700D311B7 /* EA_CategoryTests.xctest */,
				B4E1A1952759E57700D311B7 /* EA_CategoryUITests.xctest */,
			);
			name = Products;
			sourceTree = "<group>";
		};
		B4E1A1722759E57500D311B7 /* EA_Category */ = {
			isa = PBXGroup;
			children = (
				B4E1A1732759E57500D311B7 /* AppDelegate.h */,
				B4E1A1742759E57500D311B7 /* AppDelegate.m */,
				B4E1A1762759E57500D311B7 /* SceneDelegate.h */,
				B4E1A1772759E57500D311B7 /* SceneDelegate.m */,
				B4E1A1792759E57500D311B7 /* ViewController.h */,
				B4E1A17A2759E57500D311B7 /* ViewController.m */,
				B4E1A17C2759E57500D311B7 /* Main.storyboard */,
				B4E1A17F2759E57700D311B7 /* Assets.xcassets */,
				B4E1A1812759E57700D311B7 /* LaunchScreen.storyboard */,
				B4E1A1842759E57700D311B7 /* Info.plist */,
				B4E1A1852759E57700D311B7 /* main.m */,
			);
			path = EA_Category;
			sourceTree = "<group>";
		};
		B4E1A18E2759E57700D311B7 /* EA_CategoryTests */ = {
			isa = PBXGroup;
			children = (
				B4E1A18F2759E57700D311B7 /* EA_CategoryTests.m */,
			);
			path = EA_CategoryTests;
			sourceTree = "<group>";
		};
		B4E1A1982759E57700D311B7 /* EA_CategoryUITests */ = {
			isa = PBXGroup;
			children = (
				B4E1A1992759E57700D311B7 /* EA_CategoryUITests.m */,
				B4E1A19B2759E57700D311B7 /* EA_CategoryUITestsLaunchTests.m */,
			);
			path = EA_CategoryUITests;
			sourceTree = "<group>";
		};
/* End PBXGroup section */

/* Begin PBXNativeTarget section */
		B4E1A16F2759E57500D311B7 /* EA_Category */ = {
			isa = PBXNativeTarget;
			buildConfigurationList = B4E1A19F2759E57700D311B7 /* Build configuration list for PBXNativeTarget "EA_Category" */;
			buildPhases = (
				B4E1A16C2759E57500D311B7 /* Sources */,
				B4E1A16D2759E57500D311B7 /* Frameworks */,
				B4E1A16E2759E57500D311B7 /* Resources */,
			);
			buildRules = (
			);
			dependencies = (
			);
			name = EA_Category;
			productName = EA_Category;
			productReference = B4E1A1702759E57500D311B7 /* EA_Category.app */;
			productType = "com.apple.product-type.application";
		};
		B4E1A18A2759E57700D311B7 /* EA_CategoryTests */ = {
			isa = PBXNativeTarget;
			buildConfigurationList = B4E1A1A22759E57700D311B7 /* Build configuration list for PBXNativeTarget "EA_CategoryTests" */;
			buildPhases = (
				B4E1A1872759E57700D311B7 /* Sources */,
				B4E1A1882759E57700D311B7 /* Frameworks */,
				B4E1A1892759E57700D311B7 /* Resources */,
			);
			buildRules = (
			);
			dependencies = (
				B4E1A18D2759E57700D311B7 /* PBXTargetDependency */,
			);
			name = EA_CategoryTests;
			productName = EA_CategoryTests;
			productReference = B4E1A18B2759E57700D311B7 /* EA_CategoryTests.xctest */;
			productType = "com.apple.product-type.bundle.unit-test";
		};
		B4E1A1942759E57700D311B7 /* EA_CategoryUITests */ = {
			isa = PBXNativeTarget;
			buildConfigurationList = B4E1A1A52759E57700D311B7 /* Build configuration list for PBXNativeTarget "EA_CategoryUITests" */;
			buildPhases = (
				B4E1A1912759E57700D311B7 /* Sources */,
				B4E1A1922759E57700D311B7 /* Frameworks */,
				B4E1A1932759E57700D311B7 /* Resources */,
			);
			buildRules = (
			);
			dependencies = (
				B4E1A1972759E57700D311B7 /* PBXTargetDependency */,
			);
			name = EA_CategoryUITests;
			productName = EA_CategoryUITests;
			productReference = B4E1A1952759E57700D311B7 /* EA_CategoryUITests.xctest */;
			productType = "com.apple.product-type.bundle.ui-testing";
		};
/* End PBXNativeTarget section */

/* Begin PBXProject section */
		B4E1A1682759E57500D311B7 /* Project object */ = {
			isa = PBXProject;
			attributes = {
				BuildIndependentTargetsInParallel = 1;
				LastUpgradeCheck = 1310;
				TargetAttributes = {
					B4E1A16F2759E57500D311B7 = {
						CreatedOnToolsVersion = 13.1;
					};
					B4E1A18A2759E57700D311B7 = {
						CreatedOnToolsVersion = 13.1;
						TestTargetID = B4E1A16F2759E57500D311B7;
					};
					B4E1A1942759E57700D311B7 = {
						CreatedOnToolsVersion = 13.1;
						TestTargetID = B4E1A16F2759E57500D311B7;
					};
				};
			};
			buildConfigurationList = B4E1A16B2759E57500D311B7 /* Build configuration list for PBXProject "EA_Category" */;
			compatibilityVersion = "Xcode 13.0";
			developmentRegion = en;
			hasScannedForEncodings = 0;
			knownRegions = (
				en,
				Base,
			);
			mainGroup = B4E1A1672759E57500D311B7;
			productRefGroup = B4E1A1712759E57500D311B7 /* Products */;
			projectDirPath = "";
			projectRoot = "";
			targets = (
				B4E1A16F2759E57500D311B7 /* EA_Category */,
				B4E1A18A2759E57700D311B7 /* EA_CategoryTests */,
				B4E1A1942759E57700D311B7 /* EA_CategoryUITests */,
			);
		};
/* End PBXProject section */

/* Begin PBXResourcesBuildPhase section */
		B4E1A16E2759E57500D311B7 /* Resources */ = {
			isa = PBXResourcesBuildPhase;
			buildActionMask = 2147483647;
			files = (
				B4E1A1832759E57700D311B7 /* LaunchScreen.storyboard in Resources */,
				B4E1A1802759E57700D311B7 /* Assets.xcassets in Resources */,
				B4E1A17E2759E57500D311B7 /* Main.storyboard in Resources */,
			);
			runOnlyForDeploymentPostprocessing = 0;
		};
		B4E1A1892759E57700D311B7 /* Resources */ = {
			isa = PBXResourcesBuildPhase;
			buildActionMask = 2147483647;
			files = (
			);
			runOnlyForDeploymentPostprocessing = 0;
		};
		B4E1A1932759E57700D311B7 /* Resources */ = {
			isa = PBXResourcesBuildPhase;
			buildActionMask = 2147483647;
			files = (
			);
			runOnlyForDeploymentPostprocessing = 0;
		};
/* End PBXResourcesBuildPhase section */

/* Begin PBXSourcesBuildPhase section */
		B4E1A16C2759E57500D311B7 /* Sources */ = {
			isa = PBXSourcesBuildPhase;
			buildActionMask = 2147483647;
			files = (
				B4E1A17B2759E57500D311B7 /* ViewController.m in Sources */,
				B4E1A1752759E57500D311B7 /* AppDelegate.m in Sources */,
				B4E1A1862759E57700D311B7 /* main.m in Sources */,
				B4E1A1782759E57500D311B7 /* SceneDelegate.m in Sources */,
			);
			runOnlyForDeploymentPostprocessing = 0;
		};
		B4E1A1872759E57700D311B7 /* Sources */ = {
			isa = PBXSourcesBuildPhase;
			buildActionMask = 2147483647;
			files = (
				B4E1A1902759E57700D311B7 /* EA_CategoryTests.m in Sources */,
			);
			runOnlyForDeploymentPostprocessing = 0;
		};
		B4E1A1912759E57700D311B7 /* Sources */ = {
			isa = PBXSourcesBuildPhase;
			buildActionMask = 2147483647;
			files = (
				B4E1A19C2759E57700D311B7 /* EA_CategoryUITestsLaunchTests.m in Sources */,
				B4E1A19A2759E57700D311B7 /* EA_CategoryUITests.m in Sources */,
			);
			runOnlyForDeploymentPostprocessing = 0;
		};
/* End PBXSourcesBuildPhase section */

/* Begin PBXTargetDependency section */
		B4E1A18D2759E57700D311B7 /* PBXTargetDependency */ = {
			isa = PBXTargetDependency;
			target = B4E1A16F2759E57500D311B7 /* EA_Category */;
			targetProxy = B4E1A18C2759E57700D311B7 /* PBXContainerItemProxy */;
		};
		B4E1A1972759E57700D311B7 /* PBXTargetDependency */ = {
			isa = PBXTargetDependency;
			target = B4E1A16F2759E57500D311B7 /* EA_Category */;
			targetProxy = B4E1A1962759E57700D311B7 /* PBXContainerItemProxy */;
		};
/* End PBXTargetDependency section */

/* Begin PBXVariantGroup section */
		B4E1A17C2759E57500D311B7 /* Main.storyboard */ = {
			isa = PBXVariantGroup;
			children = (
				B4E1A17D2759E57500D311B7 /* Base */,
			);
			name = Main.storyboard;
			sourceTree = "<group>";
		};
		B4E1A1812759E57700D311B7 /* LaunchScreen.storyboard */ = {
			isa = PBXVariantGroup;
			children = (
				B4E1A1822759E57700D311B7 /* Base */,
			);
			name = LaunchScreen.storyboard;
			sourceTree = "<group>";
		};
/* End PBXVariantGroup section */

/* Begin XCBuildConfiguration section */
		B4E1A19D2759E57700D311B7 /* Debug */ = {
			isa = XCBuildConfiguration;
			buildSettings = {
				ALWAYS_SEARCH_USER_PATHS = NO;
				CLANG_ANALYZER_NONNULL = YES;
				CLANG_ANALYZER_NUMBER_OBJECT_CONVERSION = YES_AGGRESSIVE;
				CLANG_CXX_LANGUAGE_STANDARD = "gnu++17";
				CLANG_CXX_LIBRARY = "libc++";
				CLANG_ENABLE_MODULES = YES;
				CLANG_ENABLE_OBJC_ARC = YES;
				CLANG_ENABLE_OBJC_WEAK = YES;
				CLANG_WARN_BLOCK_CAPTURE_AUTORELEASING = YES;
				CLANG_WARN_BOOL_CONVERSION = YES;
				CLANG_WARN_COMMA = YES;
				CLANG_WARN_CONSTANT_CONVERSION = YES;
				CLANG_WARN_DEPRECATED_OBJC_IMPLEMENTATIONS = YES;
				CLANG_WARN_DIRECT_OBJC_ISA_USAGE = YES_ERROR;
				CLANG_WARN_DOCUMENTATION_COMMENTS = YES;
				CLANG_WARN_EMPTY_BODY = YES;
				CLANG_WARN_ENUM_CONVERSION = YES;
				CLANG_WARN_INFINITE_RECURSION = YES;
				CLANG_WARN_INT_CONVERSION = YES;
				CLANG_WARN_NON_LITERAL_NULL_CONVERSION = YES;
				CLANG_WARN_OBJC_IMPLICIT_RETAIN_SELF = YES;
				CLANG_WARN_OBJC_LITERAL_CONVERSION = YES;
				CLANG_WARN_OBJC_ROOT_CLASS = YES_ERROR;
				CLANG_WARN_QUOTED_INCLUDE_IN_FRAMEWORK_HEADER = YES;
				CLANG_WARN_RANGE_LOOP_ANALYSIS = YES;
				CLANG_WARN_STRICT_PROTOTYPES = YES;
				CLANG_WARN_SUSPICIOUS_MOVE = YES;
				CLANG_WARN_UNGUARDED_AVAILABILITY = YES_AGGRESSIVE;
				CLANG_WARN_UNREACHABLE_CODE = YES;
				CLANG_WARN__DUPLICATE_METHOD_MATCH = YES;
				COPY_PHASE_STRIP = NO;
				DEBUG_INFORMATION_FORMAT = dwarf;
				ENABLE_STRICT_OBJC_MSGSEND = YES;
				ENABLE_TESTABILITY = YES;
				GCC_C_LANGUAGE_STANDARD = gnu11;
				GCC_DYNAMIC_NO_PIC = NO;
				GCC_NO_COMMON_BLOCKS = YES;
				GCC_OPTIMIZATION_LEVEL = 0;
				GCC_PREPROCESSOR_DEFINITIONS = (
					"DEBUG=1",
					"$(inherited)",
				);
				GCC_WARN_64_TO_32_BIT_CONVERSION = YES;
				GCC_WARN_ABOUT_RETURN_TYPE = YES_ERROR;
				GCC_WARN_UNDECLARED_SELECTOR = YES;
				GCC_WARN_UNINITIALIZED_AUTOS = YES_AGGRESSIVE;
				GCC_WARN_UNUSED_FUNCTION = YES;
				GCC_WARN_UNUSED_VARIABLE = YES;
				IPHONEOS_DEPLOYMENT_TARGET = 15.0;
				MTL_ENABLE_DEBUG_INFO = INCLUDE_SOURCE;
				MTL_FAST_MATH = YES;
				ONLY_ACTIVE_ARCH = YES;
				SDKROOT = iphoneos;
			};
			name = Debug;
		};
		B4E1A19E2759E57700D311B7 /* Release */ = {
			isa = XCBuildConfiguration;
			buildSettings = {
				ALWAYS_SEARCH_USER_PATHS = NO;
				CLANG_ANALYZER_NONNULL = YES;
				CLANG_ANALYZER_NUMBER_OBJECT_CONVERSION = YES_AGGRESSIVE;
				CLANG_CXX_LANGUAGE_STANDARD = "gnu++17";
				CLANG_CXX_LIBRARY = "libc++";
				CLANG_ENABLE_MODULES = YES;
				CLANG_ENABLE_OBJC_ARC = YES;
				CLANG_ENABLE_OBJC_WEAK = YES;
				CLANG_WARN_BLOCK_CAPTURE_AUTORELEASING = YES;
				CLANG_WARN_BOOL_CONVERSION = YES;
				CLANG_WARN_COMMA = YES;
				CLANG_WARN_CONSTANT_CONVERSION = YES;
				CLANG_WARN_DEPRECATED_OBJC_IMPLEMENTATIONS = YES;
				CLANG_WARN_DIRECT_OBJC_ISA_USAGE = YES_ERROR;
				CLANG_WARN_DOCUMENTATION_COMMENTS = YES;
				CLANG_WARN_EMPTY_BODY = YES;
				CLANG_WARN_ENUM_CONVERSION = YES;
				CLANG_WARN_INFINITE_RECURSION = YES;
				CLANG_WARN_INT_CONVERSION = YES;
				CLANG_WARN_NON_LITERAL_NULL_CONVERSION = YES;
				CLANG_WARN_OBJC_IMPLICIT_RETAIN_SELF = YES;
				CLANG_WARN_OBJC_LITERAL_CONVERSION = YES;
				CLANG_WARN_OBJC_ROOT_CLASS = YES_ERROR;
				CLANG_WARN_QUOTED_INCLUDE_IN_FRAMEWORK_HEADER = YES;
				CLANG_WARN_RANGE_LOOP_ANALYSIS = YES;
				CLANG_WARN_STRICT_PROTOTYPES = YES;
				CLANG_WARN_SUSPICIOUS_MOVE = YES;
				CLANG_WARN_UNGUARDED_AVAILABILITY = YES_AGGRESSIVE;
				CLANG_WARN_UNREACHABLE_CODE = YES;
				CLANG_WARN__DUPLICATE_METHOD_MATCH = YES;
				COPY_PHASE_STRIP = NO;
				DEBUG_INFORMATION_FORMAT = "dwarf-with-dsym";
				ENABLE_NS_ASSERTIONS = NO;
				ENABLE_STRICT_OBJC_MSGSEND = YES;
				GCC_C_LANGUAGE_STANDARD = gnu11;
				GCC_NO_COMMON_BLOCKS = YES;
				GCC_WARN_64_TO_32_BIT_CONVERSION = YES;
				GCC_WARN_ABOUT_RETURN_TYPE = YES_ERROR;
				GCC_WARN_UNDECLARED_SELECTOR = YES;
				GCC_WARN_UNINITIALIZED_AUTOS = YES_AGGRESSIVE;
				GCC_WARN_UNUSED_FUNCTION = YES;
				GCC_WARN_UNUSED_VARIABLE = YES;
				IPHONEOS_DEPLOYMENT_TARGET = 15.0;
				MTL_ENABLE_DEBUG_INFO = NO;
				MTL_FAST_MATH = YES;
				SDKROOT = iphoneos;
				VALIDATE_PRODUCT = YES;
			};
			name = Release;
		};
		B4E1A1A02759E57700D311B7 /* Debug */ = {
			isa = XCBuildConfiguration;
			buildSettings = {
				ASSETCATALOG_COMPILER_APPICON_NAME = AppIcon;
				ASSETCATALOG_COMPILER_GLOBAL_ACCENT_COLOR_NAME = AccentColor;
				CODE_SIGN_STYLE = Automatic;
				CURRENT_PROJECT_VERSION = 1;
				DEVELOPMENT_TEAM = 99HR639LZB;
				GENERATE_INFOPLIST_FILE = YES;
				INFOPLIST_FILE = EA_Category/Info.plist;
				INFOPLIST_KEY_UIApplicationSupportsIndirectInputEvents = YES;
				INFOPLIST_KEY_UILaunchStoryboardName = LaunchScreen;
				INFOPLIST_KEY_UIMainStoryboardFile = Main;
				INFOPLIST_KEY_UISupportedInterfaceOrientations_iPad = "UIInterfaceOrientationPortrait UIInterfaceOrientationPortraitUpsideDown UIInterfaceOrientationLandscapeLeft UIInterfaceOrientationLandscapeRight";
				INFOPLIST_KEY_UISupportedInterfaceOrientations_iPhone = "UIInterfaceOrientationPortrait UIInterfaceOrientationLandscapeLeft UIInterfaceOrientationLandscapeRight";
				LD_RUNPATH_SEARCH_PATHS = (
					"$(inherited)",
					"@executable_path/Frameworks",
				);
				MARKETING_VERSION = 1.0;
				PRODUCT_BUNDLE_IDENTIFIER = "com.Hubret.EA-Category";
				PRODUCT_NAME = "$(TARGET_NAME)";
				SWIFT_EMIT_LOC_STRINGS = YES;
				TARGETED_DEVICE_FAMILY = "1,2";
			};
			name = Debug;
		};
		B4E1A1A12759E57700D311B7 /* Release */ = {
			isa = XCBuildConfiguration;
			buildSettings = {
				ASSETCATALOG_COMPILER_APPICON_NAME = AppIcon;
				ASSETCATALOG_COMPILER_GLOBAL_ACCENT_COLOR_NAME = AccentColor;
				CODE_SIGN_STYLE = Automatic;
				CURRENT_PROJECT_VERSION = 1;
				DEVELOPMENT_TEAM = 99HR639LZB;
				GENERATE_INFOPLIST_FILE = YES;
				INFOPLIST_FILE = EA_Category/Info.plist;
				INFOPLIST_KEY_UIApplicationSupportsIndirectInputEvents = YES;
				INFOPLIST_KEY_UILaunchStoryboardName = LaunchScreen;
				INFOPLIST_KEY_UIMainStoryboardFile = Main;
				INFOPLIST_KEY_UISupportedInterfaceOrientations_iPad = "UIInterfaceOrientationPortrait UIInterfaceOrientationPortraitUpsideDown UIInterfaceOrientationLandscapeLeft UIInterfaceOrientationLandscapeRight";
				INFOPLIST_KEY_UISupportedInterfaceOrientations_iPhone = "UIInterfaceOrientationPortrait UIInterfaceOrientationLandscapeLeft UIInterfaceOrientationLandscapeRight";
				LD_RUNPATH_SEARCH_PATHS = (
					"$(inherited)",
					"@executable_path/Frameworks",
				);
				MARKETING_VERSION = 1.0;
				PRODUCT_BUNDLE_IDENTIFIER = "com.Hubret.EA-Category";
				PRODUCT_NAME = "$(TARGET_NAME)";
				SWIFT_EMIT_LOC_STRINGS = YES;
				TARGETED_DEVICE_FAMILY = "1,2";
			};
			name = Release;
		};
		B4E1A1A32759E57700D311B7 /* Debug */ = {
			isa = XCBuildConfiguration;
			buildSettings = {
				BUNDLE_LOADER = "$(TEST_HOST)";
				CODE_SIGN_STYLE = Automatic;
				CURRENT_PROJECT_VERSION = 1;
				DEVELOPMENT_TEAM = 99HR639LZB;
				GENERATE_INFOPLIST_FILE = YES;
				IPHONEOS_DEPLOYMENT_TARGET = 15.0;
				LD_RUNPATH_SEARCH_PATHS = (
					"$(inherited)",
					"@executable_path/Frameworks",
					"@loader_path/Frameworks",
				);
				MARKETING_VERSION = 1.0;
				PRODUCT_BUNDLE_IDENTIFIER = "com.Hubret.EA-CategoryTests";
				PRODUCT_NAME = "$(TARGET_NAME)";
				SWIFT_EMIT_LOC_STRINGS = NO;
				TARGETED_DEVICE_FAMILY = "1,2";
				TEST_HOST = "$(BUILT_PRODUCTS_DIR)/EA_Category.app/EA_Category";
			};
			name = Debug;
		};
		B4E1A1A42759E57700D311B7 /* Release */ = {
			isa = XCBuildConfiguration;
			buildSettings = {
				BUNDLE_LOADER = "$(TEST_HOST)";
				CODE_SIGN_STYLE = Automatic;
				CURRENT_PROJECT_VERSION = 1;
				DEVELOPMENT_TEAM = 99HR639LZB;
				GENERATE_INFOPLIST_FILE = YES;
				IPHONEOS_DEPLOYMENT_TARGET = 15.0;
				LD_RUNPATH_SEARCH_PATHS = (
					"$(inherited)",
					"@executable_path/Frameworks",
					"@loader_path/Frameworks",
				);
				MARKETING_VERSION = 1.0;
				PRODUCT_BUNDLE_IDENTIFIER = "com.Hubret.EA-CategoryTests";
				PRODUCT_NAME = "$(TARGET_NAME)";
				SWIFT_EMIT_LOC_STRINGS = NO;
				TARGETED_DEVICE_FAMILY = "1,2";
				TEST_HOST = "$(BUILT_PRODUCTS_DIR)/EA_Category.app/EA_Category";
			};
			name = Release;
		};
		B4E1A1A62759E57700D311B7 /* Debug */ = {
			isa = XCBuildConfiguration;
			buildSettings = {
				CODE_SIGN_STYLE = Automatic;
				CURRENT_PROJECT_VERSION = 1;
				DEVELOPMENT_TEAM = 99HR639LZB;
				GENERATE_INFOPLIST_FILE = YES;
				LD_RUNPATH_SEARCH_PATHS = (
					"$(inherited)",
					"@executable_path/Frameworks",
					"@loader_path/Frameworks",
				);
				MARKETING_VERSION = 1.0;
				PRODUCT_BUNDLE_IDENTIFIER = "com.Hubret.EA-CategoryUITests";
				PRODUCT_NAME = "$(TARGET_NAME)";
				SWIFT_EMIT_LOC_STRINGS = NO;
				TARGETED_DEVICE_FAMILY = "1,2";
				TEST_TARGET_NAME = EA_Category;
			};
			name = Debug;
		};
		B4E1A1A72759E57700D311B7 /* Release */ = {
			isa = XCBuildConfiguration;
			buildSettings = {
				CODE_SIGN_STYLE = Automatic;
				CURRENT_PROJECT_VERSION = 1;
				DEVELOPMENT_TEAM = 99HR639LZB;
				GENERATE_INFOPLIST_FILE = YES;
				LD_RUNPATH_SEARCH_PATHS = (
					"$(inherited)",
					"@executable_path/Frameworks",
					"@loader_path/Frameworks",
				);
				MARKETING_VERSION = 1.0;
				PRODUCT_BUNDLE_IDENTIFIER = "com.Hubret.EA-CategoryUITests";
				PRODUCT_NAME = "$(TARGET_NAME)";
				SWIFT_EMIT_LOC_STRINGS = NO;
				TARGETED_DEVICE_FAMILY = "1,2";
				TEST_TARGET_NAME = EA_Category;
			};
			name = Release;
		};
/* End XCBuildConfiguration section */

/* Begin XCConfigurationList section */
		B4E1A16B2759E57500D311B7 /* Build configuration list for PBXProject "EA_Category" */ = {
			isa = XCConfigurationList;
			buildConfigurations = (
				B4E1A19D2759E57700D311B7 /* Debug */,
				B4E1A19E2759E57700D311B7 /* Release */,
			);
			defaultConfigurationIsVisible = 0;
			defaultConfigurationName = Release;
		};
		B4E1A19F2759E57700D311B7 /* Build configuration list for PBXNativeTarget "EA_Category" */ = {
			isa = XCConfigurationList;
			buildConfigurations = (
				B4E1A1A02759E57700D311B7 /* Debug */,
				B4E1A1A12759E57700D311B7 /* Release */,
			);
			defaultConfigurationIsVisible = 0;
			defaultConfigurationName = Release;
		};
		B4E1A1A22759E57700D311B7 /* Build configuration list for PBXNativeTarget "EA_CategoryTests" */ = {
			isa = XCConfigurationList;
			buildConfigurations = (
				B4E1A1A32759E57700D311B7 /* Debug */,
				B4E1A1A42759E57700D311B7 /* Release */,
			);
			defaultConfigurationIsVisible = 0;
			defaultConfigurationName = Release;
		};
		B4E1A1A52759E57700D311B7 /* Build configuration list for PBXNativeTarget "EA_CategoryUITests" */ = {
			isa = XCConfigurationList;
			buildConfigurations = (
				B4E1A1A62759E57700D311B7 /* Debug */,
				B4E1A1A72759E57700D311B7 /* Release */,
			);
			defaultConfigurationIsVisible = 0;
			defaultConfigurationName = Release;
		};
/* End XCConfigurationList section */
	};
	rootObject = B4E1A1682759E57500D311B7 /* Project object */;
}
